{
  "name": "temp",
  "version": "1.0.0",
  "lockfileVersion": 1,
  "requires": true,
  "dependencies": {
    "@types/angular": {
      "version": "1.6.53",
      "resolved": "https://registry.npmjs.org/@types/angular/-/angular-1.6.53.tgz",
      "integrity": "sha512-46op53S8hnDl9o6VOmMAXBv3laK8i2OyXOfriDwe6VRfh8wVFilIniLaNsz2pPpAM4oUwsBYFt7ZThe+IMnIeA=="
    },
    "@types/datatables.net": {
      "version": "1.10.14",
      "resolved": "https://registry.npmjs.org/@types/datatables.net/-/datatables.net-1.10.14.tgz",
      "integrity": "sha512-lvU5UFVzqc3uLkoweCzogiG8LgDGzF3TIVDs8MJt2AcDr1ji/k0NRMTVlcf19EUmP5C4nc80Q05z21GWIyU8CA==",
      "requires": {
        "@types/jquery": "3.3.29"
      }
    },
    "@types/jquery": {
      "version": "3.3.29",
      "resolved": "https://registry.npmjs.org/@types/jquery/-/jquery-3.3.29.tgz",
      "integrity": "sha512-FhJvBninYD36v3k6c+bVk1DSZwh7B5Dpb/Pyk3HKVsiohn0nhbefZZ+3JXbWQhFyt0MxSl2jRDdGQPHeOHFXrQ==",
      "requires": {
        "@types/sizzle": "2.3.2"
      }
    },
    "@types/sizzle": {
      "version": "2.3.2",
      "resolved": "https://registry.npmjs.org/@types/sizzle/-/sizzle-2.3.2.tgz",
      "integrity": "sha512-7EJYyKTL7tFR8+gDbB6Wwz/arpGa0Mywk1TJbNzKzHtzbwVmY4HR9WqS5VV7dsBUKQmPNr192jHr/VpBluj/hg=="
    },
    "@types/toastr": {
      "version": "2.1.35",
      "resolved": "https://registry.npmjs.org/@types/toastr/-/toastr-2.1.35.tgz",
      "integrity": "sha512-NSPsNyBRxopghpNQLPqMLGK4oDIey5prT6RTkExljOfRrid0bkTr5v9NXYntBOwhEMmHjrmdsxY/g2/eKAJZpg==",
      "requires": {
        "@types/jquery": "3.3.29"
      }
    },
    "angular": {
      "version": "1.7.5",
      "resolved": "https://registry.npmjs.org/angular/-/angular-1.7.5.tgz",
      "integrity": "sha512-760183yxtGzni740IBTieNuWLtPNAoMqvmC0Z62UoU0I3nqk+VJuO3JbQAXOyvo3Oy/ZsdNQwrSTh/B0OQZjNw=="
    },
    "ejs": {
      "version": "2.6.1",
      "resolved": "https://registry.npmjs.org/ejs/-/ejs-2.6.1.tgz",
      "integrity": "sha512-0xy4A/twfrRCnkhfk8ErDi5DqdAsAqeGxht4xkCUrsvhhbQNs7E+4jV0CN7+NKIY0aHE72+XvqtBIXzD31ZbXQ=="
    },
    "rivets": {
      "version": "0.9.6",
      "resolved": "https://registry.npmjs.org/rivets/-/rivets-0.9.6.tgz",
      "integrity": "sha1-UIHl7TlE3vf2/NOjJu5CFoeZ/TM=",
      "requires": {
        "sightglass": "0.2.6"
      }
    },
    "sightglass": {
      "version": "0.2.6",
      "resolved": "https://registry.npmjs.org/sightglass/-/sightglass-0.2.6.tgz",
      "integrity": "sha1-kSC7hS0lnPghJ0hWN1u9+QCYOEE="
    }
  }
}
